// !$*UTF8*$!
{
	archiveVersion = 1;
	classes = {
	};
	objectVersion = 46;
	objects = {

/* Begin PBXBuildFile section */
		8CAE593D195B1D7000F76818 /* Foundation.framework in Frameworks */ = {isa = PBXBuildFile; fileRef = 8CAE593C195B1D7000F76818 /* Foundation.framework */; };
		8CAE593F195B1D7000F76818 /* CoreGraphics.framework in Frameworks */ = {isa = PBXBuildFile; fileRef = 8CAE593E195B1D7000F76818 /* CoreGraphics.framework */; };
		8CAE5941195B1D7000F76818 /* UIKit.framework in Frameworks */ = {isa = PBXBuildFile; fileRef = 8CAE5940195B1D7000F76818 /* UIKit.framework */; };
		8CAE5947195B1D7000F76818 /* InfoPlist.strings in Resources */ = {isa = PBXBuildFile; fileRef = 8CAE5945195B1D7000F76818 /* InfoPlist.strings */; };
		8CAE5949195B1D7000F76818 /* main.m in Sources */ = {isa = PBXBuildFile; fileRef = 8CAE5948195B1D7000F76818 /* main.m */; };
		8CAE594D195B1D7000F76818 /* AppDelegate.m in Sources */ = {isa = PBXBuildFile; fileRef = 8CAE594C195B1D7000F76818 /* AppDelegate.m */; };
		8CAE5950195B1D7000F76818 /* Main.storyboard in Resources */ = {isa = PBXBuildFile; fileRef = 8CAE594E195B1D7000F76818 /* Main.storyboard */; };
		8CAE5953195B1D7000F76818 /* ViewController.m in Sources */ = {isa = PBXBuildFile; fileRef = 8CAE5952195B1D7000F76818 /* ViewController.m */; };
		8CAE5955195B1D7000F76818 /* Images.xcassets in Resources */ = {isa = PBXBuildFile; fileRef = 8CAE5954195B1D7000F76818 /* Images.xcassets */; };
		8CAE595C195B1D7000F76818 /* XCTest.framework in Frameworks */ = {isa = PBXBuildFile; fileRef = 8CAE595B195B1D7000F76818 /* XCTest.framework */; };
		8CAE595D195B1D7000F76818 /* Foundation.framework in Frameworks */ = {isa = PBXBuildFile; fileRef = 8CAE593C195B1D7000F76818 /* Foundation.framework */; };
		8CAE595E195B1D7000F76818 /* UIKit.framework in Frameworks */ = {isa = PBXBuildFile; fileRef = 8CAE5940195B1D7000F76818 /* UIKit.framework */; };
		8CAE5966195B1D7000F76818 /* InfoPlist.strings in Resources */ = {isa = PBXBuildFile; fileRef = 8CAE5964195B1D7000F76818 /* InfoPlist.strings */; };
		8CAE5968195B1D7000F76818 /* SuperclaseTests.m in Sources */ = {isa = PBXBuildFile; fileRef = 8CAE5967195B1D7000F76818 /* SuperclaseTests.m */; };
		8CAE5973195B1E5000F76818 /* MotorBusqueda.m in Sources */ = {isa = PBXBuildFile; fileRef = 8CAE5972195B1E5000F76818 /* MotorBusqueda.m */; };
		8CAE5976195B226E00F76818 /* BusquedaPadre.m in Sources */ = {isa = PBXBuildFile; fileRef = 8CAE5975195B226E00F76818 /* BusquedaPadre.m */; };
		8CAE5979195B252C00F76818 /* FacebookContact.m in Sources */ = {isa = PBXBuildFile; fileRef = 8CAE5978195B252C00F76818 /* FacebookContact.m */; };
/* End PBXBuildFile section */

/* Begin PBXContainerItemProxy section */
		8CAE595F195B1D7000F76818 /* PBXContainerItemProxy */ = {
			isa = PBXContainerItemProxy;
			containerPortal = 8CAE5931195B1D7000F76818 /* Project object */;
			proxyType = 1;
			remoteGlobalIDString = 8CAE5938195B1D7000F76818;
			remoteInfo = Superclase;
		};
/* End PBXContainerItemProxy section */

/* Begin PBXFileReference section */
		8CAE5939195B1D7000F76818 /* Superclase.app */ = {isa = PBXFileReference; explicitFileType = wrapper.application; includeInIndex = 0; path = Superclase.app; sourceTree = BUILT_PRODUCTS_DIR; };
		8CAE593C195B1D7000F76818 /* Foundation.framework */ = {isa = PBXFileReference; lastKnownFileType = wrapper.framework; name = Foundation.framework; path = System/Library/Frameworks/Foundation.framework; sourceTree = SDKROOT; };
		8CAE593E195B1D7000F76818 /* CoreGraphics.framework */ = {isa = PBXFileReference; lastKnownFileType = wrapper.framework; name = CoreGraphics.framework; path = System/Library/Frameworks/CoreGraphics.framework; sourceTree = SDKROOT; };
		8CAE5940195B1D7000F76818 /* UIKit.framework */ = {isa = PBXFileReference; lastKnownFileType = wrapper.framework; name = UIKit.framework; path = System/Library/Frameworks/UIKit.framework; sourceTree = SDKROOT; };
		8CAE5944195B1D7000F76818 /* Superclase-Info.plist */ = {isa = PBXFileReference; lastKnownFileType = text.plist.xml; path = "Superclase-Info.plist"; sourceTree = "<group>"; };
		8CAE5946195B1D7000F76818 /* en */ = {isa = PBXFileReference; lastKnownFileType = text.plist.strings; name = en; path = en.lproj/InfoPlist.strings; sourceTree = "<group>"; };
		8CAE5948195B1D7000F76818 /* main.m */ = {isa = PBXFileReference; lastKnownFileType = sourcecode.c.objc; path = main.m; sourceTree = "<group>"; };
		8CAE594A195B1D7000F76818 /* Superclase-Prefix.pch */ = {isa = PBXFileReference; lastKnownFileType = sourcecode.c.h; path = "Superclase-Prefix.pch"; sourceTree = "<group>"; };
		8CAE594B195B1D7000F76818 /* AppDelegate.h */ = {isa = PBXFileReference; lastKnownFileType = sourcecode.c.h; path = AppDelegate.h; sourceTree = "<group>"; };
		8CAE594C195B1D7000F76818 /* AppDelegate.m */ = {isa = PBXFileReference; lastKnownFileType = sourcecode.c.objc; path = AppDelegate.m; sourceTree = "<group>"; };
		8CAE594F195B1D7000F76818 /* Base */ = {isa = PBXFileReference; lastKnownFileType = file.storyboard; name = Base; path = Base.lproj/Main.storyboard; sourceTree = "<group>"; };
		8CAE5951195B1D7000F76818 /* ViewController.h */ = {isa = PBXFileReference; lastKnownFileType = sourcecode.c.h; path = ViewController.h; sourceTree = "<group>"; };
		8CAE5952195B1D7000F76818 /* ViewController.m */ = {isa = PBXFileReference; lastKnownFileType = sourcecode.c.objc; path = ViewController.m; sourceTree = "<group>"; };
		8CAE5954195B1D7000F76818 /* Images.xcassets */ = {isa = PBXFileReference; lastKnownFileType = folder.assetcatalog; path = Images.xcassets; sourceTree = "<group>"; };
		8CAE595A195B1D7000F76818 /* SuperclaseTests.xctest */ = {isa = PBXFileReference; explicitFileType = wrapper.cfbundle; includeInIndex = 0; path = SuperclaseTests.xctest; sourceTree = BUILT_PRODUCTS_DIR; };
		8CAE595B195B1D7000F76818 /* XCTest.framework */ = {isa = PBXFileReference; lastKnownFileType = wrapper.framework; name = XCTest.framework; path = Library/Frameworks/XCTest.framework; sourceTree = DEVELOPER_DIR; };
		8CAE5963195B1D7000F76818 /* SuperclaseTests-Info.plist */ = {isa = PBXFileReference; lastKnownFileType = text.plist.xml; path = "SuperclaseTests-Info.plist"; sourceTree = "<group>"; };
		8CAE5965195B1D7000F76818 /* en */ = {isa = PBXFileReference; lastKnownFileType = text.plist.strings; name = en; path = en.lproj/InfoPlist.strings; sourceTree = "<group>"; };
		8CAE5967195B1D7000F76818 /* SuperclaseTests.m */ = {isa = PBXFileReference; lastKnownFileType = sourcecode.c.objc; path = SuperclaseTests.m; sourceTree = "<group>"; };
		8CAE5971195B1E5000F76818 /* MotorBusqueda.h */ = {isa = PBXFileReference; fileEncoding = 4; lastKnownFileType = sourcecode.c.h; path = MotorBusqueda.h; sourceTree = "<group>"; };
		8CAE5972195B1E5000F76818 /* MotorBusqueda.m */ = {isa = PBXFileReference; fileEncoding = 4; lastKnownFileType = sourcecode.c.objc; path = MotorBusqueda.m; sourceTree = "<group>"; };
		8CAE5974195B226E00F76818 /* BusquedaPadre.h */ = {isa = PBXFileReference; fileEncoding = 4; lastKnownFileType = sourcecode.c.h; path = BusquedaPadre.h; sourceTree = "<group>"; };
		8CAE5975195B226E00F76818 /* BusquedaPadre.m */ = {isa = PBXFileReference; fileEncoding = 4; lastKnownFileType = sourcecode.c.objc; path = BusquedaPadre.m; sourceTree = "<group>"; };
		8CAE5977195B252C00F76818 /* FacebookContact.h */ = {isa = PBXFileReference; fileEncoding = 4; lastKnownFileType = sourcecode.c.h; path = FacebookContact.h; sourceTree = "<group>"; };
		8CAE5978195B252C00F76818 /* FacebookContact.m */ = {isa = PBXFileReference; fileEncoding = 4; lastKnownFileType = sourcecode.c.objc; path = FacebookContact.m; sourceTree = "<group>"; };
/* End PBXFileReference section */

/* Begin PBXFrameworksBuildPhase section */
		8CAE5936195B1D7000F76818 /* Frameworks */ = {
			isa = PBXFrameworksBuildPhase;
			buildActionMask = 2147483647;
			files = (
				8CAE593F195B1D7000F76818 /* CoreGraphics.framework in Frameworks */,
				8CAE5941195B1D7000F76818 /* UIKit.framework in Frameworks */,
				8CAE593D195B1D7000F76818 /* Foundation.framework in Frameworks */,
			);
			runOnlyForDeploymentPostprocessing = 0;
		};
		8CAE5957195B1D7000F76818 /* Frameworks */ = {
			isa = PBXFrameworksBuildPhase;
			buildActionMask = 2147483647;
			files = (
				8CAE595C195B1D7000F76818 /* XCTest.framework in Frameworks */,
				8CAE595E195B1D7000F76818 /* UIKit.framework in Frameworks */,
				8CAE595D195B1D7000F76818 /* Foundation.framework in Frameworks */,
			);
			runOnlyForDeploymentPostprocessing = 0;
		};
/* End PBXFrameworksBuildPhase section */

/* Begin PBXGroup section */
		8CAE5930195B1D7000F76818 = {
			isa = PBXGroup;
			children = (
				8CAE5942195B1D7000F76818 /* Superclase */,
				8CAE5961195B1D7000F76818 /* SuperclaseTests */,
				8CAE593B195B1D7000F76818 /* Frameworks */,
				8CAE593A195B1D7000F76818 /* Products */,
			);
			sourceTree = "<group>";
		};
		8CAE593A195B1D7000F76818 /* Products */ = {
			isa = PBXGroup;
			children = (
				8CAE5939195B1D7000F76818 /* Superclase.app */,
				8CAE595A195B1D7000F76818 /* SuperclaseTests.xctest */,
			);
			name = Products;
			sourceTree = "<group>";
		};
		8CAE593B195B1D7000F76818 /* Frameworks */ = {
			isa = PBXGroup;
			children = (
				8CAE593C195B1D7000F76818 /* Foundation.framework */,
				8CAE593E195B1D7000F76818 /* CoreGraphics.framework */,
				8CAE5940195B1D7000F76818 /* UIKit.framework */,
				8CAE595B195B1D7000F76818 /* XCTest.framework */,
			);
			name = Frameworks;
			sourceTree = "<group>";
		};
		8CAE5942195B1D7000F76818 /* Superclase */ = {
			isa = PBXGroup;
			children = (
				8CAE594B195B1D7000F76818 /* AppDelegate.h */,
				8CAE594C195B1D7000F76818 /* AppDelegate.m */,
				8CAE5974195B226E00F76818 /* BusquedaPadre.h */,
				8CAE5975195B226E00F76818 /* BusquedaPadre.m */,
				8CAE5977195B252C00F76818 /* FacebookContact.h */,
				8CAE5978195B252C00F76818 /* FacebookContact.m */,
				8CAE5954195B1D7000F76818 /* Images.xcassets */,
				8CAE594E195B1D7000F76818 /* Main.storyboard */,
				8CAE5971195B1E5000F76818 /* MotorBusqueda.h */,
				8CAE5972195B1E5000F76818 /* MotorBusqueda.m */,
				8CAE5943195B1D7000F76818 /* Supporting Files */,
				8CAE5951195B1D7000F76818 /* ViewController.h */,
				8CAE5952195B1D7000F76818 /* ViewController.m */,
			);
			path = Superclase;
			sourceTree = "<group>";
		};
		8CAE5943195B1D7000F76818 /* Supporting Files */ = {
			isa = PBXGroup;
			children = (
				8CAE5944195B1D7000F76818 /* Superclase-Info.plist */,
				8CAE5945195B1D7000F76818 /* InfoPlist.strings */,
				8CAE5948195B1D7000F76818 /* main.m */,
				8CAE594A195B1D7000F76818 /* Superclase-Prefix.pch */,
			);
			name = "Supporting Files";
			sourceTree = "<group>";
		};
		8CAE5961195B1D7000F76818 /* SuperclaseTests */ = {
			isa = PBXGroup;
			children = (
				8CAE5967195B1D7000F76818 /* SuperclaseTests.m */,
				8CAE5962195B1D7000F76818 /* Supporting Files */,
			);
			path = SuperclaseTests;
			sourceTree = "<group>";
		};
		8CAE5962195B1D7000F76818 /* Supporting Files */ = {
			isa = PBXGroup;
			children = (
				8CAE5963195B1D7000F76818 /* SuperclaseTests-Info.plist */,
				8CAE5964195B1D7000F76818 /* InfoPlist.strings */,
			);
			name = "Supporting Files";
			sourceTree = "<group>";
		};
/* End PBXGroup section */

/* Begin PBXNativeTarget section */
		8CAE5938195B1D7000F76818 /* Superclase */ = {
			isa = PBXNativeTarget;
			buildConfigurationList = 8CAE596B195B1D7000F76818 /* Build configuration list for PBXNativeTarget "Superclase" */;
			buildPhases = (
				8CAE5935195B1D7000F76818 /* Sources */,
				8CAE5936195B1D7000F76818 /* Frameworks */,
				8CAE5937195B1D7000F76818 /* Resources */,
			);
			buildRules = (
			);
			dependencies = (
			);
			name = Superclase;
			productName = Superclase;
			productReference = 8CAE5939195B1D7000F76818 /* Superclase.app */;
			productType = "com.apple.product-type.application";
		};
		8CAE5959195B1D7000F76818 /* SuperclaseTests */ = {
			isa = PBXNativeTarget;
			buildConfigurationList = 8CAE596E195B1D7000F76818 /* Build configuration list for PBXNativeTarget "SuperclaseTests" */;
			buildPhases = (
				8CAE5956195B1D7000F76818 /* Sources */,
				8CAE5957195B1D7000F76818 /* Frameworks */,
				8CAE5958195B1D7000F76818 /* Resources */,
			);
			buildRules = (
			);
			dependencies = (
				8CAE5960195B1D7000F76818 /* PBXTargetDependency */,
			);
			name = SuperclaseTests;
			productName = SuperclaseTests;
			productReference = 8CAE595A195B1D7000F76818 /* SuperclaseTests.xctest */;
			productType = "com.apple.product-type.bundle.unit-test";
		};
/* End PBXNativeTarget section */

/* Begin PBXProject section */
		8CAE5931195B1D7000F76818 /* Project object */ = {
			isa = PBXProject;
			attributes = {
				LastUpgradeCheck = 0510;
				ORGANIZATIONNAME = Molestudio;
				TargetAttributes = {
					8CAE5959195B1D7000F76818 = {
						TestTargetID = 8CAE5938195B1D7000F76818;
					};
				};
			};
			buildConfigurationList = 8CAE5934195B1D7000F76818 /* Build configuration list for PBXProject "Superclase" */;
			compatibilityVersion = "Xcode 3.2";
			developmentRegion = English;
			hasScannedForEncodings = 0;
			knownRegions = (
				en,
				Base,
			);
			mainGroup = 8CAE5930195B1D7000F76818;
			productRefGroup = 8CAE593A195B1D7000F76818 /* Products */;
			projectDirPath = "";
			projectRoot = "";
			targets = (
				8CAE5938195B1D7000F76818 /* Superclase */,
				8CAE5959195B1D7000F76818 /* SuperclaseTests */,
			);
		};
/* End PBXProject section */

/* Begin PBXResourcesBuildPhase section */
		8CAE5937195B1D7000F76818 /* Resources */ = {
			isa = PBXResourcesBuildPhase;
			buildActionMask = 2147483647;
			files = (
				8CAE5955195B1D7000F76818 /* Images.xcassets in Resources */,
				8CAE5947195B1D7000F76818 /* InfoPlist.strings in Resources */,
				8CAE5950195B1D7000F76818 /* Main.storyboard in Resources */,
			);
			runOnlyForDeploymentPostprocessing = 0;
		};
		8CAE5958195B1D7000F76818 /* Resources */ = {
			isa = PBXResourcesBuildPhase;
			buildActionMask = 2147483647;
			files = (
				8CAE5966195B1D7000F76818 /* InfoPlist.strings in Resources */,
			);
			runOnlyForDeploymentPostprocessing = 0;
		};
/* End PBXResourcesBuildPhase section */

/* Begin PBXSourcesBuildPhase section */
		8CAE5935195B1D7000F76818 /* Sources */ = {
			isa = PBXSourcesBuildPhase;
			buildActionMask = 2147483647;
			files = (
				8CAE5979195B252C00F76818 /* FacebookContact.m in Sources */,
				8CAE5976195B226E00F76818 /* BusquedaPadre.m in Sources */,
				8CAE5953195B1D7000F76818 /* ViewController.m in Sources */,
				8CAE5973195B1E5000F76818 /* MotorBusqueda.m in Sources */,
				8CAE594D195B1D7000F76818 /* AppDelegate.m in Sources */,
				8CAE5949195B1D7000F76818 /* main.m in Sources */,
			);
			runOnlyForDeploymentPostprocessing = 0;
		};
		8CAE5956195B1D7000F76818 /* Sources */ = {
			isa = PBXSourcesBuildPhase;
			buildActionMask = 2147483647;
			files = (
				8CAE5968195B1D7000F76818 /* SuperclaseTests.m in Sources */,
			);
			runOnlyForDeploymentPostprocessing = 0;
		};
/* End PBXSourcesBuildPhase section */

/* Begin PBXTargetDependency section */
		8CAE5960195B1D7000F76818 /* PBXTargetDependency */ = {
			isa = PBXTargetDependency;
			target = 8CAE5938195B1D7000F76818 /* Superclase */;
			targetProxy = 8CAE595F195B1D7000F76818 /* PBXContainerItemProxy */;
		};
/* End PBXTargetDependency section */

/* Begin PBXVariantGroup section */
		8CAE5945195B1D7000F76818 /* InfoPlist.strings */ = {
			isa = PBXVariantGroup;
			children = (
				8CAE5946195B1D7000F76818 /* en */,
			);
			name = InfoPlist.strings;
			sourceTree = "<group>";
		};
		8CAE594E195B1D7000F76818 /* Main.storyboard */ = {
			isa = PBXVariantGroup;
			children = (
				8CAE594F195B1D7000F76818 /* Base */,
			);
			name = Main.storyboard;
			sourceTree = "<group>";
		};
		8CAE5964195B1D7000F76818 /* InfoPlist.strings */ = {
			isa = PBXVariantGroup;
			children = (
				8CAE5965195B1D7000F76818 /* en */,
			);
			name = InfoPlist.strings;
			sourceTree = "<group>";
		};
/* End PBXVariantGroup section */

/* Begin XCBuildConfiguration section */
		8CAE5969195B1D7000F76818 /* Debug */ = {
			isa = XCBuildConfiguration;
			buildSettings = {
				ALWAYS_SEARCH_USER_PATHS = NO;
				CLANG_CXX_LANGUAGE_STANDARD = "gnu++0x";
				CLANG_CXX_LIBRARY = "libc++";
				CLANG_ENABLE_MODULES = YES;
				CLANG_ENABLE_OBJC_ARC = YES;
				CLANG_WARN_BOOL_CONVERSION = YES;
				CLANG_WARN_CONSTANT_CONVERSION = YES;
				CLANG_WARN_DIRECT_OBJC_ISA_USAGE = YES_ERROR;
				CLANG_WARN_EMPTY_BODY = YES;
				CLANG_WARN_ENUM_CONVERSION = YES;
				CLANG_WARN_INT_CONVERSION = YES;
				CLANG_WARN_OBJC_ROOT_CLASS = YES_ERROR;
				CLANG_WARN__DUPLICATE_METHOD_MATCH = YES;
				"CODE_SIGN_IDENTITY[sdk=iphoneos*]" = "iPhone Developer";
				COPY_PHASE_STRIP = NO;
				GCC_C_LANGUAGE_STANDARD = gnu99;
				GCC_DYNAMIC_NO_PIC = NO;
				GCC_OPTIMIZATION_LEVEL = 0;
				GCC_PREPROCESSOR_DEFINITIONS = (
					"DEBUG=1",
					"$(inherited)",
				);
				GCC_SYMBOLS_PRIVATE_EXTERN = NO;
				GCC_WARN_64_TO_32_BIT_CONVERSION = YES;
				GCC_WARN_ABOUT_RETURN_TYPE = YES_ERROR;
				GCC_WARN_UNDECLARED_SELECTOR = YES;
				GCC_WARN_UNINITIALIZED_AUTOS = YES_AGGRESSIVE;
				GCC_WARN_UNUSED_FUNCTION = YES;
				GCC_WARN_UNUSED_VARIABLE = YES;
				IPHONEOS_DEPLOYMENT_TARGET = 7.1;
				ONLY_ACTIVE_ARCH = YES;
				SDKROOT = iphoneos;
			};
			name = Debug;
		};
		8CAE596A195B1D7000F76818 /* Release */ = {
			isa = XCBuildConfiguration;
			buildSettings = {
				ALWAYS_SEARCH_USER_PATHS = NO;
				CLANG_CXX_LANGUAGE_STANDARD = "gnu++0x";
				CLANG_CXX_LIBRARY = "libc++";
				CLANG_ENABLE_MODULES = YES;
				CLANG_ENABLE_OBJC_ARC = YES;
				CLANG_WARN_BOOL_CONVERSION = YES;
				CLANG_WARN_CONSTANT_CONVERSION = YES;
				CLANG_WARN_DIRECT_OBJC_ISA_USAGE = YES_ERROR;
				CLANG_WARN_EMPTY_BODY = YES;
				CLANG_WARN_ENUM_CONVERSION = YES;
				CLANG_WARN_INT_CONVERSION = YES;
				CLANG_WARN_OBJC_ROOT_CLASS = YES_ERROR;
				CLANG_WARN__DUPLICATE_METHOD_MATCH = YES;
				"CODE_SIGN_IDENTITY[sdk=iphoneos*]" = "iPhone Developer";
				COPY_PHASE_STRIP = YES;
				ENABLE_NS_ASSERTIONS = NO;
				GCC_C_LANGUAGE_STANDARD = gnu99;
				GCC_WARN_64_TO_32_BIT_CONVERSION = YES;
				GCC_WARN_ABOUT_RETURN_TYPE = YES_ERROR;
				GCC_WARN_UNDECLARED_SELECTOR = YES;
				GCC_WARN_UNINITIALIZED_AUTOS = YES_AGGRESSIVE;
				GCC_WARN_UNUSED_FUNCTION = YES;
				GCC_WARN_UNUSED_VARIABLE = YES;
				IPHONEOS_DEPLOYMENT_TARGET = 7.1;
				SDKROOT = iphoneos;
				VALIDATE_PRODUCT = YES;
			};
			name = Release;
		};
		8CAE596C195B1D7000F76818 /* Debug */ = {
			isa = XCBuildConfiguration;
			buildSettings = {
				ASSETCATALOG_COMPILER_APPICON_NAME = AppIcon;
				ASSETCATALOG_COMPILER_LAUNCHIMAGE_NAME = LaunchImage;
				GCC_PRECOMPILE_PREFIX_HEADER = YES;
				GCC_PREFIX_HEADER = "Superclase/Superclase-Prefix.pch";
				INFOPLIST_FILE = "Superclase/Superclase-Info.plist";
				PRODUCT_NAME = "$(TARGET_NAME)";
				WRAPPER_EXTENSION = app;
			};
			name = Debug;
		};
		8CAE596D195B1D7000F76818 /* Release */ = {
			isa = XCBuildConfiguration;
			buildSettings = {
				ASSETCATALOG_COMPILER_APPICON_NAME = AppIcon;
				ASSETCATALOG_COMPILER_LAUNCHIMAGE_NAME = LaunchImage;
				GCC_PRECOMPILE_PREFIX_HEADER = YES;
				GCC_PREFIX_HEADER = "Superclase/Superclase-Prefix.pch";
				INFOPLIST_FILE = "Superclase/Superclase-Info.plist";
				PRODUCT_NAME = "$(TARGET_NAME)";
				WRAPPER_EXTENSION = app;
			};
			name = Release;
		};
		8CAE596F195B1D7000F76818 /* Debug */ = {
			isa = XCBuildConfiguration;
			buildSettings = {
				BUNDLE_LOADER = "$(BUILT_PRODUCTS_DIR)/Superclase.app/Superclase";
				FRAMEWORK_SEARCH_PATHS = (
					"$(SDKROOT)/Developer/Library/Frameworks",
					"$(inherited)",
					"$(DEVELOPER_FRAMEWORKS_DIR)",
				);
				GCC_PRECOMPILE_PREFIX_HEADER = YES;
				GCC_PREFIX_HEADER = "Superclase/Superclase-Prefix.pch";
				GCC_PREPROCESSOR_DEFINITIONS = (
					"DEBUG=1",
					"$(inherited)",
				);
				INFOPLIST_FILE = "SuperclaseTests/SuperclaseTests-Info.plist";
				PRODUCT_NAME = "$(TARGET_NAME)";
				TEST_HOST = "$(BUNDLE_LOADER)";
				WRAPPER_EXTENSION = xctest;
			};
			name = Debug;
		};
		8CAE5970195B1D7000F76818 /* Release */ = {
			isa = XCBuildConfiguration;
			buildSettings = {
				BUNDLE_LOADER = "$(BUILT_PRODUCTS_DIR)/Superclase.app/Superclase";
				FRAMEWORK_SEARCH_PATHS = (
					"$(SDKROOT)/Developer/Library/Frameworks",
					"$(inherited)",
					"$(DEVELOPER_FRAMEWORKS_DIR)",
				);
				GCC_PRECOMPILE_PREFIX_HEADER = YES;
				GCC_PREFIX_HEADER = "Superclase/Superclase-Prefix.pch";
				INFOPLIST_FILE = "SuperclaseTests/SuperclaseTests-Info.plist";
				PRODUCT_NAME = "$(TARGET_NAME)";
				TEST_HOST = "$(BUNDLE_LOADER)";
				WRAPPER_EXTENSION = xctest;
			};
			name = Release;
		};
/* End XCBuildConfiguration section */

/* Begin XCConfigurationList section */
		8CAE5934195B1D7000F76818 /* Build configuration list for PBXProject "Superclase" */ = {
			isa = XCConfigurationList;
			buildConfigurations = (
				8CAE5969195B1D7000F76818 /* Debug */,
				8CAE596A195B1D7000F76818 /* Release */,
			);
			defaultConfigurationIsVisible = 0;
			defaultConfigurationName = Release;
		};
		8CAE596B195B1D7000F76818 /* Build configuration list for PBXNativeTarget "Superclase" */ = {
			isa = XCConfigurationList;
			buildConfigurations = (
				8CAE596C195B1D7000F76818 /* Debug */,
				8CAE596D195B1D7000F76818 /* Release */,
			);
			defaultConfigurationIsVisible = 0;
		};
		8CAE596E195B1D7000F76818 /* Build configuration list for PBXNativeTarget "SuperclaseTests" */ = {
			isa = XCConfigurationList;
			buildConfigurations = (
				8CAE596F195B1D7000F76818 /* Debug */,
				8CAE5970195B1D7000F76818 /* Release */,
			);
			defaultConfigurationIsVisible = 0;
		};
/* End XCConfigurationList section */
	};
	rootObject = 8CAE5931195B1D7000F76818 /* Project object */;
}
